
Microsoft Visual Studio Solution File, Format Version 12.00
# Visual Studio Version 17
VisualStudioVersion = 17.12.35527.113
MinimumVisualStudioVersion = 10.0.40219.1
Project("{FAE04EC0-301F-11D3-BF4B-00C04F79EFBC}") = "Demo01Classe", "Demo01Classe\Demo01Classe.csproj", "{0EBA0FEE-3213-4306-97B7-09478714DBF9}"
EndProject
Project("{2150E333-8FDC-42A3-9474-1A3956D46DE8}") = "Demos", "Demos", "{A546DEB0-F69B-4176-846D-7AA8172933C0}"
EndProject
Project("{2150E333-8FDC-42A3-9474-1A3956D46DE8}") = "Exercices", "Exercices", "{E0E4790E-1EB4-4104-B396-B2A06E3DBA7B}"
EndProject
Project("{FAE04EC0-301F-11D3-BF4B-00C04F79EFBC}") = "Exo01Chaise", "Exo01Chaise\Exo01Chaise.csproj", "{5A39EE1C-0125-4920-A90E-B148364E333A}"
EndProject
Project("{FAE04EC0-301F-11D3-BF4B-00C04F79EFBC}") = "Demo02Static", "Demo02Static\Demo02Static.csproj", "{9D1C869E-D3AA-4845-9BDA-051871D6F8A0}"
EndProject
Project("{FAE04EC0-301F-11D3-BF4B-00C04F79EFBC}") = "Exo02Salaries", "Exo02Salaries\Exo02Salaries.csproj", "{9F4722FC-EC76-4517-A82B-8222AD61D12A}"
EndProject
Project("{FAE04EC0-301F-11D3-BF4B-00C04F79EFBC}") = "Exo03WaterTank", "Exo03WaterTank\Exo03WaterTank.csproj", "{F72FDFAC-DFF3-4579-B9B4-2DFFE65A8421}"
EndProject
Project("{FAE04EC0-301F-11D3-BF4B-00C04F79EFBC}") = "Exo04Pendu", "Exo04Pendu\Exo04Pendu.csproj", "{6954FA9B-E8B8-4652-8AE8-8DF6550F57A5}"
EndProject
Project("{FAE04EC0-301F-11D3-BF4B-00C04F79EFBC}") = "Demo03Polymorphisme1", "Demo03Polymorphisme1\Demo03Polymorphisme1.csproj", "{8DEA4E0A-B444-4DD1-8A07-1A8BB7A32035}"
EndProject
Project("{FAE04EC0-301F-11D3-BF4B-00C04F79EFBC}") = "Demo04Polymorphisme2", "Demo04Polymorphisme2\Demo04Polymorphisme2.csproj", "{24A456F8-C7BC-40A1-A88B-B77E903DBC52}"
EndProject
Project("{FAE04EC0-301F-11D3-BF4B-00C04F79EFBC}") = "Demo05HeritageMasquage", "Demo05Heritage\Demo05HeritageMasquage.csproj", "{B03D53A4-6CE7-48A7-8F3E-895BB9700B06}"
EndProject
Project("{FAE04EC0-301F-11D3-BF4B-00C04F79EFBC}") = "Demo06HeritageOverride", "Demo06HeritageOverride\Demo06HeritageOverride.csproj", "{D70DD7F9-0405-43DE-9536-64C82F39EDA3}"
EndProject
Project("{FAE04EC0-301F-11D3-BF4B-00C04F79EFBC}") = "Exo05SalarieHeritage", "Exo05SalarieHeritage\Exo05SalarieHeritage.csproj", "{5E4A4C54-1467-44A8-8358-5B72AFD510E6}"
EndProject
Project("{FAE04EC0-301F-11D3-BF4B-00C04F79EFBC}") = "Demo07Interfaces", "Demo07Interfaces\Demo07Interfaces.csproj", "{D4619BB9-ADA0-4BDF-9C8E-D69BF0C0EEB0}"
EndProject
Project("{FAE04EC0-301F-11D3-BF4B-00C04F79EFBC}") = "Exo06Figures", "Exo06Figures\Exo06Figures.csproj", "{14434161-F53B-4E3D-87FB-82F9551FEEC2}"
EndProject
Project("{FAE04EC0-301F-11D3-BF4B-00C04F79EFBC}") = "Demo08Generiques", "Demo08Generiques\Demo08Generiques.csproj", "{26B5228D-97BA-4F39-91A4-5CB6619C8BA8}"
EndProject
Project("{FAE04EC0-301F-11D3-BF4B-00C04F79EFBC}") = "Demo09Enums", "Demo09Enums\Demo09Enums.csproj", "{E0EF2103-7D88-440B-8A27-B889EC289159}"
EndProject
Project("{FAE04EC0-301F-11D3-BF4B-00C04F79EFBC}") = "Demo10Collections", "Demo10Collections\Demo10Collections.csproj", "{A775DEDD-91D7-4817-8552-FF3DABFC0195}"
EndProject
Project("{FAE04EC0-301F-11D3-BF4B-00C04F79EFBC}") = "Exo07Pile", "Exo07Pile\Exo07Pile.csproj", "{9D10FDDA-4C1F-4273-AD28-CE15B3D23EF2}"
EndProject
Project("{FAE04EC0-301F-11D3-BF4B-00C04F79EFBC}") = "Demo11Exceptions", "Demo11Exceptions\Demo11Exceptions.csproj", "{D5A6B2B1-94D3-4470-A1BF-8AB7162BCB0C}"
EndProject
Project("{FAE04EC0-301F-11D3-BF4B-00C04F79EFBC}") = "Demo12Delegates", "Demo12Delegates\Demo12Delegates.csproj", "{17DB7D3B-0FC7-43AE-A7CE-DADB5FA56665}"
EndProject
Project("{FAE04EC0-301F-11D3-BF4B-00C04F79EFBC}") = "Demo13Linq", "Demo13Linq\Demo13Linq.csproj", "{F996D24A-D748-432A-AA8E-674054CD55CA}"
EndProject
Project("{FAE04EC0-301F-11D3-BF4B-00C04F79EFBC}") = "Exo08Linq", "Exo08Linq\Exo08Linq.csproj", "{34E605CB-9477-49AE-BA5B-E6F0BF1BA3C6}"
EndProject
Project("{FAE04EC0-301F-11D3-BF4B-00C04F79EFBC}") = "Demo14Regex", "Demo14Regex\Demo14Regex.csproj", "{7AFC706C-3769-484B-A8B4-7FE533C5A293}"
EndProject
Global
	GlobalSection(SolutionConfigurationPlatforms) = preSolution
		Debug|Any CPU = Debug|Any CPU
		Release|Any CPU = Release|Any CPU
	EndGlobalSection
	GlobalSection(ProjectConfigurationPlatforms) = postSolution
		{0EBA0FEE-3213-4306-97B7-09478714DBF9}.Debug|Any CPU.ActiveCfg = Debug|Any CPU
		{0EBA0FEE-3213-4306-97B7-09478714DBF9}.Debug|Any CPU.Build.0 = Debug|Any CPU
		{0EBA0FEE-3213-4306-97B7-09478714DBF9}.Release|Any CPU.ActiveCfg = Release|Any CPU
		{0EBA0FEE-3213-4306-97B7-09478714DBF9}.Release|Any CPU.Build.0 = Release|Any CPU
		{5A39EE1C-0125-4920-A90E-B148364E333A}.Debug|Any CPU.ActiveCfg = Debug|Any CPU
		{5A39EE1C-0125-4920-A90E-B148364E333A}.Debug|Any CPU.Build.0 = Debug|Any CPU
		{5A39EE1C-0125-4920-A90E-B148364E333A}.Release|Any CPU.ActiveCfg = Release|Any CPU
		{5A39EE1C-0125-4920-A90E-B148364E333A}.Release|Any CPU.Build.0 = Release|Any CPU
		{9D1C869E-D3AA-4845-9BDA-051871D6F8A0}.Debug|Any CPU.ActiveCfg = Debug|Any CPU
		{9D1C869E-D3AA-4845-9BDA-051871D6F8A0}.Debug|Any CPU.Build.0 = Debug|Any CPU
		{9D1C869E-D3AA-4845-9BDA-051871D6F8A0}.Release|Any CPU.ActiveCfg = Release|Any CPU
		{9D1C869E-D3AA-4845-9BDA-051871D6F8A0}.Release|Any CPU.Build.0 = Release|Any CPU
		{9F4722FC-EC76-4517-A82B-8222AD61D12A}.Debug|Any CPU.ActiveCfg = Debug|Any CPU
		{9F4722FC-EC76-4517-A82B-8222AD61D12A}.Debug|Any CPU.Build.0 = Debug|Any CPU
		{9F4722FC-EC76-4517-A82B-8222AD61D12A}.Release|Any CPU.ActiveCfg = Release|Any CPU
		{9F4722FC-EC76-4517-A82B-8222AD61D12A}.Release|Any CPU.Build.0 = Release|Any CPU
		{F72FDFAC-DFF3-4579-B9B4-2DFFE65A8421}.Debug|Any CPU.ActiveCfg = Debug|Any CPU
		{F72FDFAC-DFF3-4579-B9B4-2DFFE65A8421}.Debug|Any CPU.Build.0 = Debug|Any CPU
		{F72FDFAC-DFF3-4579-B9B4-2DFFE65A8421}.Release|Any CPU.ActiveCfg = Release|Any CPU
		{F72FDFAC-DFF3-4579-B9B4-2DFFE65A8421}.Release|Any CPU.Build.0 = Release|Any CPU
		{6954FA9B-E8B8-4652-8AE8-8DF6550F57A5}.Debug|Any CPU.ActiveCfg = Debug|Any CPU
		{6954FA9B-E8B8-4652-8AE8-8DF6550F57A5}.Debug|Any CPU.Build.0 = Debug|Any CPU
		{6954FA9B-E8B8-4652-8AE8-8DF6550F57A5}.Release|Any CPU.ActiveCfg = Release|Any CPU
		{6954FA9B-E8B8-4652-8AE8-8DF6550F57A5}.Release|Any CPU.Build.0 = Release|Any CPU
		{8DEA4E0A-B444-4DD1-8A07-1A8BB7A32035}.Debug|Any CPU.ActiveCfg = Debug|Any CPU
		{8DEA4E0A-B444-4DD1-8A07-1A8BB7A32035}.Debug|Any CPU.Build.0 = Debug|Any CPU
		{8DEA4E0A-B444-4DD1-8A07-1A8BB7A32035}.Release|Any CPU.ActiveCfg = Release|Any CPU
		{8DEA4E0A-B444-4DD1-8A07-1A8BB7A32035}.Release|Any CPU.Build.0 = Release|Any CPU
		{24A456F8-C7BC-40A1-A88B-B77E903DBC52}.Debug|Any CPU.ActiveCfg = Debug|Any CPU
		{24A456F8-C7BC-40A1-A88B-B77E903DBC52}.Debug|Any CPU.Build.0 = Debug|Any CPU
		{24A456F8-C7BC-40A1-A88B-B77E903DBC52}.Release|Any CPU.ActiveCfg = Release|Any CPU
		{24A456F8-C7BC-40A1-A88B-B77E903DBC52}.Release|Any CPU.Build.0 = Release|Any CPU
		{B03D53A4-6CE7-48A7-8F3E-895BB9700B06}.Debug|Any CPU.ActiveCfg = Debug|Any CPU
		{B03D53A4-6CE7-48A7-8F3E-895BB9700B06}.Debug|Any CPU.Build.0 = Debug|Any CPU
		{B03D53A4-6CE7-48A7-8F3E-895BB9700B06}.Release|Any CPU.ActiveCfg = Release|Any CPU
		{B03D53A4-6CE7-48A7-8F3E-895BB9700B06}.Release|Any CPU.Build.0 = Release|Any CPU
		{D70DD7F9-0405-43DE-9536-64C82F39EDA3}.Debug|Any CPU.ActiveCfg = Debug|Any CPU
		{D70DD7F9-0405-43DE-9536-64C82F39EDA3}.Debug|Any CPU.Build.0 = Debug|Any CPU
		{D70DD7F9-0405-43DE-9536-64C82F39EDA3}.Release|Any CPU.ActiveCfg = Release|Any CPU
		{D70DD7F9-0405-43DE-9536-64C82F39EDA3}.Release|Any CPU.Build.0 = Release|Any CPU
		{5E4A4C54-1467-44A8-8358-5B72AFD510E6}.Debug|Any CPU.ActiveCfg = Debug|Any CPU
		{5E4A4C54-1467-44A8-8358-5B72AFD510E6}.Debug|Any CPU.Build.0 = Debug|Any CPU
		{5E4A4C54-1467-44A8-8358-5B72AFD510E6}.Release|Any CPU.ActiveCfg = Release|Any CPU
		{5E4A4C54-1467-44A8-8358-5B72AFD510E6}.Release|Any CPU.Build.0 = Release|Any CPU
		{D4619BB9-ADA0-4BDF-9C8E-D69BF0C0EEB0}.Debug|Any CPU.ActiveCfg = Debug|Any CPU
		{D4619BB9-ADA0-4BDF-9C8E-D69BF0C0EEB0}.Debug|Any CPU.Build.0 = Debug|Any CPU
		{D4619BB9-ADA0-4BDF-9C8E-D69BF0C0EEB0}.Release|Any CPU.ActiveCfg = Release|Any CPU
		{D4619BB9-ADA0-4BDF-9C8E-D69BF0C0EEB0}.Release|Any CPU.Build.0 = Release|Any CPU
		{14434161-F53B-4E3D-87FB-82F9551FEEC2}.Debug|Any CPU.ActiveCfg = Debug|Any CPU
		{14434161-F53B-4E3D-87FB-82F9551FEEC2}.Debug|Any CPU.Build.0 = Debug|Any CPU
		{14434161-F53B-4E3D-87FB-82F9551FEEC2}.Release|Any CPU.ActiveCfg = Release|Any CPU
		{14434161-F53B-4E3D-87FB-82F9551FEEC2}.Release|Any CPU.Build.0 = Release|Any CPU
		{26B5228D-97BA-4F39-91A4-5CB6619C8BA8}.Debug|Any CPU.ActiveCfg = Debug|Any CPU
		{26B5228D-97BA-4F39-91A4-5CB6619C8BA8}.Debug|Any CPU.Build.0 = Debug|Any CPU
		{26B5228D-97BA-4F39-91A4-5CB6619C8BA8}.Release|Any CPU.ActiveCfg = Release|Any CPU
		{26B5228D-97BA-4F39-91A4-5CB6619C8BA8}.Release|Any CPU.Build.0 = Release|Any CPU
		{E0EF2103-7D88-440B-8A27-B889EC289159}.Debug|Any CPU.ActiveCfg = Debug|Any CPU
		{E0EF2103-7D88-440B-8A27-B889EC289159}.Debug|Any CPU.Build.0 = Debug|Any CPU
		{E0EF2103-7D88-440B-8A27-B889EC289159}.Release|Any CPU.ActiveCfg = Release|Any CPU
		{E0EF2103-7D88-440B-8A27-B889EC289159}.Release|Any CPU.Build.0 = Release|Any CPU
		{A775DEDD-91D7-4817-8552-FF3DABFC0195}.Debug|Any CPU.ActiveCfg = Debug|Any CPU
		{A775DEDD-91D7-4817-8552-FF3DABFC0195}.Debug|Any CPU.Build.0 = Debug|Any CPU
		{A775DEDD-91D7-4817-8552-FF3DABFC0195}.Release|Any CPU.ActiveCfg = Release|Any CPU
		{A775DEDD-91D7-4817-8552-FF3DABFC0195}.Release|Any CPU.Build.0 = Release|Any CPU
		{9D10FDDA-4C1F-4273-AD28-CE15B3D23EF2}.Debug|Any CPU.ActiveCfg = Debug|Any CPU
		{9D10FDDA-4C1F-4273-AD28-CE15B3D23EF2}.Debug|Any CPU.Build.0 = Debug|Any CPU
		{9D10FDDA-4C1F-4273-AD28-CE15B3D23EF2}.Release|Any CPU.ActiveCfg = Release|Any CPU
		{9D10FDDA-4C1F-4273-AD28-CE15B3D23EF2}.Release|Any CPU.Build.0 = Release|Any CPU
		{D5A6B2B1-94D3-4470-A1BF-8AB7162BCB0C}.Debug|Any CPU.ActiveCfg = Debug|Any CPU
		{D5A6B2B1-94D3-4470-A1BF-8AB7162BCB0C}.Debug|Any CPU.Build.0 = Debug|Any CPU
		{D5A6B2B1-94D3-4470-A1BF-8AB7162BCB0C}.Release|Any CPU.ActiveCfg = Release|Any CPU
		{D5A6B2B1-94D3-4470-A1BF-8AB7162BCB0C}.Release|Any CPU.Build.0 = Release|Any CPU
		{17DB7D3B-0FC7-43AE-A7CE-DADB5FA56665}.Debug|Any CPU.ActiveCfg = Debug|Any CPU
		{17DB7D3B-0FC7-43AE-A7CE-DADB5FA56665}.Debug|Any CPU.Build.0 = Debug|Any CPU
		{17DB7D3B-0FC7-43AE-A7CE-DADB5FA56665}.Release|Any CPU.ActiveCfg = Release|Any CPU
		{17DB7D3B-0FC7-43AE-A7CE-DADB5FA56665}.Release|Any CPU.Build.0 = Release|Any CPU
		{F996D24A-D748-432A-AA8E-674054CD55CA}.Debug|Any CPU.ActiveCfg = Debug|Any CPU
		{F996D24A-D748-432A-AA8E-674054CD55CA}.Debug|Any CPU.Build.0 = Debug|Any CPU
		{F996D24A-D748-432A-AA8E-674054CD55CA}.Release|Any CPU.ActiveCfg = Release|Any CPU
		{F996D24A-D748-432A-AA8E-674054CD55CA}.Release|Any CPU.Build.0 = Release|Any CPU
		{34E605CB-9477-49AE-BA5B-E6F0BF1BA3C6}.Debug|Any CPU.ActiveCfg = Debug|Any CPU
		{34E605CB-9477-49AE-BA5B-E6F0BF1BA3C6}.Debug|Any CPU.Build.0 = Debug|Any CPU
		{34E605CB-9477-49AE-BA5B-E6F0BF1BA3C6}.Release|Any CPU.ActiveCfg = Release|Any CPU
		{34E605CB-9477-49AE-BA5B-E6F0BF1BA3C6}.Release|Any CPU.Build.0 = Release|Any CPU
		{7AFC706C-3769-484B-A8B4-7FE533C5A293}.Debug|Any CPU.ActiveCfg = Debug|Any CPU
		{7AFC706C-3769-484B-A8B4-7FE533C5A293}.Debug|Any CPU.Build.0 = Debug|Any CPU
		{7AFC706C-3769-484B-A8B4-7FE533C5A293}.Release|Any CPU.ActiveCfg = Release|Any CPU
		{7AFC706C-3769-484B-A8B4-7FE533C5A293}.Release|Any CPU.Build.0 = Release|Any CPU
	EndGlobalSection
	GlobalSection(SolutionProperties) = preSolution
		HideSolutionNode = FALSE
	EndGlobalSection
	GlobalSection(NestedProjects) = preSolution
		{0EBA0FEE-3213-4306-97B7-09478714DBF9} = {A546DEB0-F69B-4176-846D-7AA8172933C0}
		{5A39EE1C-0125-4920-A90E-B148364E333A} = {E0E4790E-1EB4-4104-B396-B2A06E3DBA7B}
		{9D1C869E-D3AA-4845-9BDA-051871D6F8A0} = {A546DEB0-F69B-4176-846D-7AA8172933C0}
		{9F4722FC-EC76-4517-A82B-8222AD61D12A} = {E0E4790E-1EB4-4104-B396-B2A06E3DBA7B}
		{F72FDFAC-DFF3-4579-B9B4-2DFFE65A8421} = {E0E4790E-1EB4-4104-B396-B2A06E3DBA7B}
		{6954FA9B-E8B8-4652-8AE8-8DF6550F57A5} = {E0E4790E-1EB4-4104-B396-B2A06E3DBA7B}
		{8DEA4E0A-B444-4DD1-8A07-1A8BB7A32035} = {A546DEB0-F69B-4176-846D-7AA8172933C0}
		{24A456F8-C7BC-40A1-A88B-B77E903DBC52} = {A546DEB0-F69B-4176-846D-7AA8172933C0}
		{B03D53A4-6CE7-48A7-8F3E-895BB9700B06} = {A546DEB0-F69B-4176-846D-7AA8172933C0}
		{D70DD7F9-0405-43DE-9536-64C82F39EDA3} = {A546DEB0-F69B-4176-846D-7AA8172933C0}
		{5E4A4C54-1467-44A8-8358-5B72AFD510E6} = {E0E4790E-1EB4-4104-B396-B2A06E3DBA7B}
		{D4619BB9-ADA0-4BDF-9C8E-D69BF0C0EEB0} = {A546DEB0-F69B-4176-846D-7AA8172933C0}
		{14434161-F53B-4E3D-87FB-82F9551FEEC2} = {E0E4790E-1EB4-4104-B396-B2A06E3DBA7B}
		{26B5228D-97BA-4F39-91A4-5CB6619C8BA8} = {A546DEB0-F69B-4176-846D-7AA8172933C0}
		{E0EF2103-7D88-440B-8A27-B889EC289159} = {A546DEB0-F69B-4176-846D-7AA8172933C0}
		{A775DEDD-91D7-4817-8552-FF3DABFC0195} = {A546DEB0-F69B-4176-846D-7AA8172933C0}
		{9D10FDDA-4C1F-4273-AD28-CE15B3D23EF2} = {E0E4790E-1EB4-4104-B396-B2A06E3DBA7B}
		{D5A6B2B1-94D3-4470-A1BF-8AB7162BCB0C} = {A546DEB0-F69B-4176-846D-7AA8172933C0}
		{17DB7D3B-0FC7-43AE-A7CE-DADB5FA56665} = {A546DEB0-F69B-4176-846D-7AA8172933C0}
		{F996D24A-D748-432A-AA8E-674054CD55CA} = {A546DEB0-F69B-4176-846D-7AA8172933C0}
		{34E605CB-9477-49AE-BA5B-E6F0BF1BA3C6} = {E0E4790E-1EB4-4104-B396-B2A06E3DBA7B}
		{7AFC706C-3769-484B-A8B4-7FE533C5A293} = {A546DEB0-F69B-4176-846D-7AA8172933C0}
	EndGlobalSection
EndGlobal
