
Microsoft Visual Studio Solution File, Format Version 12.00
# Visual Studio Version 17
VisualStudioVersion = 17.12.35527.113
MinimumVisualStudioVersion = 10.0.40219.1
Project("{FAE04EC0-301F-11D3-BF4B-00C04F79EFBC}") = "Exo01", "Exo01\Exo01.csproj", "{613C64EF-BD25-4394-8DF7-55AB406C0F76}"
EndProject
Project("{FAE04EC0-301F-11D3-BF4B-00C04F79EFBC}") = "Exo04", "Exo04\Exo04.csproj", "{DCB0E56C-FC9A-41F9-ADC8-3126D13623CC}"
EndProject
Global
	GlobalSection(SolutionConfigurationPlatforms) = preSolution
		Debug|Any CPU = Debug|Any CPU
		Release|Any CPU = Release|Any CPU
	EndGlobalSection
	GlobalSection(ProjectConfigurationPlatforms) = postSolution
		{613C64EF-BD25-4394-8DF7-55AB406C0F76}.Debug|Any CPU.ActiveCfg = Debug|Any CPU
		{613C64EF-BD25-4394-8DF7-55AB406C0F76}.Debug|Any CPU.Build.0 = Debug|Any CPU
		{613C64EF-BD25-4394-8DF7-55AB406C0F76}.Release|Any CPU.ActiveCfg = Release|Any CPU
		{613C64EF-BD25-4394-8DF7-55AB406C0F76}.Release|Any CPU.Build.0 = Release|Any CPU
		{DCB0E56C-FC9A-41F9-ADC8-3126D13623CC}.Debug|Any CPU.ActiveCfg = Debug|Any CPU
		{DCB0E56C-FC9A-41F9-ADC8-3126D13623CC}.Debug|Any CPU.Build.0 = Debug|Any CPU
		{DCB0E56C-FC9A-41F9-ADC8-3126D13623CC}.Release|Any CPU.ActiveCfg = Release|Any CPU
		{DCB0E56C-FC9A-41F9-ADC8-3126D13623CC}.Release|Any CPU.Build.0 = Release|Any CPU
	EndGlobalSection
	GlobalSection(SolutionProperties) = preSolution
		HideSolutionNode = FALSE
	EndGlobalSection
EndGlobal
