
Microsoft Visual Studio Solution File, Format Version 12.00
# Visual Studio Version 17
VisualStudioVersion = 17.12.35527.113
MinimumVisualStudioVersion = 10.0.40219.1
Project("{FAE04EC0-301F-11D3-BF4B-00C04F79EFBC}") = "Exo01.Bibliotheque", "Exo01.Bibliotheque\Exo01.Bibliotheque.csproj", "{7226A535-719E-44E9-943D-D6B942F5FCDB}"
EndProject
Project("{FAE04EC0-301F-11D3-BF4B-00C04F79EFBC}") = "Exo01.TestsXUnit", "Exo01.Tests\Exo01.TestsXUnit.csproj", "{94FAB9B2-0ABA-445B-96E4-57EEC9053BEC}"
EndProject
Project("{FAE04EC0-301F-11D3-BF4B-00C04F79EFBC}") = "Exo02.TestMSTest", "Exo02.TestMSTest\Exo02.TestMSTest.csproj", "{A428CA08-2030-4561-B8FF-9015C059AB5C}"
EndProject
Project("{FAE04EC0-301F-11D3-BF4B-00C04F79EFBC}") = "Exo03.Core", "ExoTDD\Exo03.Core\Exo03.Core.csproj", "{3BEBE18E-8DC7-4C74-9779-4CE78E423E98}"
EndProject
Project("{FAE04EC0-301F-11D3-BF4B-00C04F79EFBC}") = "Exo03.Tests", "ExoTDD\Exo03.Tests\Exo03.Tests.csproj", "{CAA673AE-19B4-4BF4-ADA5-33414569A5CD}"
EndProject
Global
	GlobalSection(SolutionConfigurationPlatforms) = preSolution
		Debug|Any CPU = Debug|Any CPU
		Release|Any CPU = Release|Any CPU
	EndGlobalSection
	GlobalSection(ProjectConfigurationPlatforms) = postSolution
		{7226A535-719E-44E9-943D-D6B942F5FCDB}.Debug|Any CPU.ActiveCfg = Debug|Any CPU
		{7226A535-719E-44E9-943D-D6B942F5FCDB}.Debug|Any CPU.Build.0 = Debug|Any CPU
		{7226A535-719E-44E9-943D-D6B942F5FCDB}.Release|Any CPU.ActiveCfg = Release|Any CPU
		{7226A535-719E-44E9-943D-D6B942F5FCDB}.Release|Any CPU.Build.0 = Release|Any CPU
		{94FAB9B2-0ABA-445B-96E4-57EEC9053BEC}.Debug|Any CPU.ActiveCfg = Debug|Any CPU
		{94FAB9B2-0ABA-445B-96E4-57EEC9053BEC}.Debug|Any CPU.Build.0 = Debug|Any CPU
		{94FAB9B2-0ABA-445B-96E4-57EEC9053BEC}.Release|Any CPU.ActiveCfg = Release|Any CPU
		{94FAB9B2-0ABA-445B-96E4-57EEC9053BEC}.Release|Any CPU.Build.0 = Release|Any CPU
		{A428CA08-2030-4561-B8FF-9015C059AB5C}.Debug|Any CPU.ActiveCfg = Debug|Any CPU
		{A428CA08-2030-4561-B8FF-9015C059AB5C}.Debug|Any CPU.Build.0 = Debug|Any CPU
		{A428CA08-2030-4561-B8FF-9015C059AB5C}.Release|Any CPU.ActiveCfg = Release|Any CPU
		{A428CA08-2030-4561-B8FF-9015C059AB5C}.Release|Any CPU.Build.0 = Release|Any CPU
		{3BEBE18E-8DC7-4C74-9779-4CE78E423E98}.Debug|Any CPU.ActiveCfg = Debug|Any CPU
		{3BEBE18E-8DC7-4C74-9779-4CE78E423E98}.Debug|Any CPU.Build.0 = Debug|Any CPU
		{3BEBE18E-8DC7-4C74-9779-4CE78E423E98}.Release|Any CPU.ActiveCfg = Release|Any CPU
		{3BEBE18E-8DC7-4C74-9779-4CE78E423E98}.Release|Any CPU.Build.0 = Release|Any CPU
		{CAA673AE-19B4-4BF4-ADA5-33414569A5CD}.Debug|Any CPU.ActiveCfg = Debug|Any CPU
		{CAA673AE-19B4-4BF4-ADA5-33414569A5CD}.Debug|Any CPU.Build.0 = Debug|Any CPU
		{CAA673AE-19B4-4BF4-ADA5-33414569A5CD}.Release|Any CPU.ActiveCfg = Release|Any CPU
		{CAA673AE-19B4-4BF4-ADA5-33414569A5CD}.Release|Any CPU.Build.0 = Release|Any CPU
	EndGlobalSection
	GlobalSection(SolutionProperties) = preSolution
		HideSolutionNode = FALSE
	EndGlobalSection
EndGlobal
