
Microsoft Visual Studio Solution File, Format Version 12.00
# Visual Studio Version 17
VisualStudioVersion = 17.12.35527.113 d17.12
MinimumVisualStudioVersion = 10.0.40219.1
Project("{FAE04EC0-301F-11D3-BF4B-00C04F79EFBC}") = "Demo01Bases", "Demo01Bases\Demo01Bases.csproj", "{2B5D815A-A593-42CD-85D7-2710337E32E5}"
EndProject
Project("{FAE04EC0-301F-11D3-BF4B-00C04F79EFBC}") = "Correction01Personnage", "Correction01Personnage\Correction01Personnage.csproj", "{794D9F89-9659-468E-A412-0D9DF183F63C}"
EndProject
Project("{FAE04EC0-301F-11D3-BF4B-00C04F79EFBC}") = "Demo02RelationsRepository", "Demo02RelationsRepository\Demo02RelationsRepository.csproj", "{EEA11B3D-7B1C-4CEA-ABE0-A969C0446FC5}"
EndProject
Project("{FAE04EC0-301F-11D3-BF4B-00C04F79EFBC}") = "Correction02Hotel", "Correction02Hotel\Correction02Hotel.csproj", "{773EFBAF-7352-409E-9557-1EA461A6CA7A}"
EndProject
Global
	GlobalSection(SolutionConfigurationPlatforms) = preSolution
		Debug|Any CPU = Debug|Any CPU
		Release|Any CPU = Release|Any CPU
	EndGlobalSection
	GlobalSection(ProjectConfigurationPlatforms) = postSolution
		{2B5D815A-A593-42CD-85D7-2710337E32E5}.Debug|Any CPU.ActiveCfg = Debug|Any CPU
		{2B5D815A-A593-42CD-85D7-2710337E32E5}.Debug|Any CPU.Build.0 = Debug|Any CPU
		{2B5D815A-A593-42CD-85D7-2710337E32E5}.Release|Any CPU.ActiveCfg = Release|Any CPU
		{2B5D815A-A593-42CD-85D7-2710337E32E5}.Release|Any CPU.Build.0 = Release|Any CPU
		{794D9F89-9659-468E-A412-0D9DF183F63C}.Debug|Any CPU.ActiveCfg = Debug|Any CPU
		{794D9F89-9659-468E-A412-0D9DF183F63C}.Debug|Any CPU.Build.0 = Debug|Any CPU
		{794D9F89-9659-468E-A412-0D9DF183F63C}.Release|Any CPU.ActiveCfg = Release|Any CPU
		{794D9F89-9659-468E-A412-0D9DF183F63C}.Release|Any CPU.Build.0 = Release|Any CPU
		{EEA11B3D-7B1C-4CEA-ABE0-A969C0446FC5}.Debug|Any CPU.ActiveCfg = Debug|Any CPU
		{EEA11B3D-7B1C-4CEA-ABE0-A969C0446FC5}.Debug|Any CPU.Build.0 = Debug|Any CPU
		{EEA11B3D-7B1C-4CEA-ABE0-A969C0446FC5}.Release|Any CPU.ActiveCfg = Release|Any CPU
		{EEA11B3D-7B1C-4CEA-ABE0-A969C0446FC5}.Release|Any CPU.Build.0 = Release|Any CPU
		{773EFBAF-7352-409E-9557-1EA461A6CA7A}.Debug|Any CPU.ActiveCfg = Debug|Any CPU
		{773EFBAF-7352-409E-9557-1EA461A6CA7A}.Debug|Any CPU.Build.0 = Debug|Any CPU
		{773EFBAF-7352-409E-9557-1EA461A6CA7A}.Release|Any CPU.ActiveCfg = Release|Any CPU
		{773EFBAF-7352-409E-9557-1EA461A6CA7A}.Release|Any CPU.Build.0 = Release|Any CPU
	EndGlobalSection
	GlobalSection(SolutionProperties) = preSolution
		HideSolutionNode = FALSE
	EndGlobalSection
EndGlobal
