
Microsoft Visual Studio Solution File, Format Version 12.00
# Visual Studio Version 17
VisualStudioVersion = 17.12.35527.113
MinimumVisualStudioVersion = 10.0.40219.1
Project("{FAE04EC0-301F-11D3-BF4B-00C04F79EFBC}") = "Exo01-HamsterAPI", "Exo01-\Exo01-HamsterAPI.csproj", "{20338770-CB8C-4B80-AE3E-D4CAF3B1EE13}"
EndProject
Project("{FAE04EC0-301F-11D3-BF4B-00C04F79EFBC}") = "Exo02-R-API-Tatouille", "Exo02-R-API-Tatouille\Exo02-R-API-Tatouille.csproj", "{49766D70-E959-40F3-B03E-125ACC562679}"
EndProject
Global
	GlobalSection(SolutionConfigurationPlatforms) = preSolution
		Debug|Any CPU = Debug|Any CPU
		Release|Any CPU = Release|Any CPU
	EndGlobalSection
	GlobalSection(ProjectConfigurationPlatforms) = postSolution
		{20338770-CB8C-4B80-AE3E-D4CAF3B1EE13}.Debug|Any CPU.ActiveCfg = Debug|Any CPU
		{20338770-CB8C-4B80-AE3E-D4CAF3B1EE13}.Debug|Any CPU.Build.0 = Debug|Any CPU
		{20338770-CB8C-4B80-AE3E-D4CAF3B1EE13}.Release|Any CPU.ActiveCfg = Release|Any CPU
		{20338770-CB8C-4B80-AE3E-D4CAF3B1EE13}.Release|Any CPU.Build.0 = Release|Any CPU
		{49766D70-E959-40F3-B03E-125ACC562679}.Debug|Any CPU.ActiveCfg = Debug|Any CPU
		{49766D70-E959-40F3-B03E-125ACC562679}.Debug|Any CPU.Build.0 = Debug|Any CPU
		{49766D70-E959-40F3-B03E-125ACC562679}.Release|Any CPU.ActiveCfg = Release|Any CPU
		{49766D70-E959-40F3-B03E-125ACC562679}.Release|Any CPU.Build.0 = Release|Any CPU
	EndGlobalSection
	GlobalSection(SolutionProperties) = preSolution
		HideSolutionNode = FALSE
	EndGlobalSection
EndGlobal
