
Microsoft Visual Studio Solution File, Format Version 12.00
# Visual Studio Version 17
VisualStudioVersion = 17.12.35527.113
MinimumVisualStudioVersion = 10.0.40219.1
Project("{FAE04EC0-301F-11D3-BF4B-00C04F79EFBC}") = "Demo01.Bibliotheque", "Demo01.Bibliotheque\Demo01.Bibliotheque.csproj", "{CA24B383-DCCE-4B08-BB6C-D0F2C3D07156}"
EndProject
Project("{FAE04EC0-301F-11D3-BF4B-00C04F79EFBC}") = "Demo01.Tests", "Demo01.Tests\Demo01.Tests.csproj", "{E957ACCC-7181-482A-BF4F-2EFD8496A1C3}"
EndProject
Project("{2150E333-8FDC-42A3-9474-1A3956D46DE8}") = "Demos", "Demos", "{D3475367-E632-40A0-9E3F-A9142C88006A}"
EndProject
Project("{FAE04EC0-301F-11D3-BF4B-00C04F79EFBC}") = "Demo01.TestNUnit", "Demo01.TestNUnit\Demo01.TestNUnit.csproj", "{203BC1FC-62D0-4FFD-9CFA-7EE35F5E9065}"
EndProject
Project("{FAE04EC0-301F-11D3-BF4B-00C04F79EFBC}") = "Demo01.TestsXUnit", "Demo01.TestsXUnit\Demo01.TestsXUnit.csproj", "{3431F3C5-AB30-41A5-878B-F909CAAAE181}"
EndProject
Project("{2150E333-8FDC-42A3-9474-1A3956D46DE8}") = "Exercices", "Exercices", "{930DAA70-C8F3-4CE6-9498-39FDF7C47B70}"
EndProject
Project("{FAE04EC0-301F-11D3-BF4B-00C04F79EFBC}") = "Exercices.MSTest", "Exercices.MSTest\Exercices.MSTest.csproj", "{2E057D66-D63A-4E0D-A8D2-CE642980529E}"
EndProject
Project("{FAE04EC0-301F-11D3-BF4B-00C04F79EFBC}") = "Exercice.Core", "Exercice.Core\Exercice.Core.csproj", "{04F3B22D-F46E-488D-9D40-A9401D04312D}"
EndProject
Project("{2150E333-8FDC-42A3-9474-1A3956D46DE8}") = "Demo01", "Demo01", "{B2337144-8C95-4BA4-BF38-8A11EC643850}"
EndProject
Project("{2150E333-8FDC-42A3-9474-1A3956D46DE8}") = "Demo02TDD", "Demo02TDD", "{FF61CE45-9DC7-420B-AF5D-701A5A11BA93}"
EndProject
Project("{FAE04EC0-301F-11D3-BF4B-00C04F79EFBC}") = "Demo02TDD.Core", "Demo02TDD.Core\Demo02TDD.Core.csproj", "{30BB76DD-C5EA-40C4-B73C-9D247F4091D2}"
EndProject
Project("{FAE04EC0-301F-11D3-BF4B-00C04F79EFBC}") = "Demo02TDD.Tests", "Demo02TDD.Tests\Demo02TDD.Tests.csproj", "{168F6B0A-04D8-4741-9DB5-A3A33D5D7C29}"
EndProject
Project("{2150E333-8FDC-42A3-9474-1A3956D46DE8}") = "Demo03Mocking", "Demo03Mocking", "{D024B396-1370-4849-B0B8-9E5426E3C82D}"
EndProject
Project("{FAE04EC0-301F-11D3-BF4B-00C04F79EFBC}") = "Demo03Mock", "Demo03Mock\Demo03Mock.csproj", "{4684E610-DF77-4738-AAD2-3069EDE3A3C7}"
EndProject
Project("{FAE04EC0-301F-11D3-BF4B-00C04F79EFBC}") = "Demo03Mock.Tests", "Demo03Mock.Tests\Demo03Mock.Tests.csproj", "{386A4D83-B7A1-4187-87F2-C35FF612FFE3}"
EndProject
Global
	GlobalSection(SolutionConfigurationPlatforms) = preSolution
		Debug|Any CPU = Debug|Any CPU
		Release|Any CPU = Release|Any CPU
	EndGlobalSection
	GlobalSection(ProjectConfigurationPlatforms) = postSolution
		{CA24B383-DCCE-4B08-BB6C-D0F2C3D07156}.Debug|Any CPU.ActiveCfg = Debug|Any CPU
		{CA24B383-DCCE-4B08-BB6C-D0F2C3D07156}.Debug|Any CPU.Build.0 = Debug|Any CPU
		{CA24B383-DCCE-4B08-BB6C-D0F2C3D07156}.Release|Any CPU.ActiveCfg = Release|Any CPU
		{CA24B383-DCCE-4B08-BB6C-D0F2C3D07156}.Release|Any CPU.Build.0 = Release|Any CPU
		{E957ACCC-7181-482A-BF4F-2EFD8496A1C3}.Debug|Any CPU.ActiveCfg = Debug|Any CPU
		{E957ACCC-7181-482A-BF4F-2EFD8496A1C3}.Debug|Any CPU.Build.0 = Debug|Any CPU
		{E957ACCC-7181-482A-BF4F-2EFD8496A1C3}.Release|Any CPU.ActiveCfg = Release|Any CPU
		{E957ACCC-7181-482A-BF4F-2EFD8496A1C3}.Release|Any CPU.Build.0 = Release|Any CPU
		{203BC1FC-62D0-4FFD-9CFA-7EE35F5E9065}.Debug|Any CPU.ActiveCfg = Debug|Any CPU
		{203BC1FC-62D0-4FFD-9CFA-7EE35F5E9065}.Debug|Any CPU.Build.0 = Debug|Any CPU
		{203BC1FC-62D0-4FFD-9CFA-7EE35F5E9065}.Release|Any CPU.ActiveCfg = Release|Any CPU
		{203BC1FC-62D0-4FFD-9CFA-7EE35F5E9065}.Release|Any CPU.Build.0 = Release|Any CPU
		{3431F3C5-AB30-41A5-878B-F909CAAAE181}.Debug|Any CPU.ActiveCfg = Debug|Any CPU
		{3431F3C5-AB30-41A5-878B-F909CAAAE181}.Debug|Any CPU.Build.0 = Debug|Any CPU
		{3431F3C5-AB30-41A5-878B-F909CAAAE181}.Release|Any CPU.ActiveCfg = Release|Any CPU
		{3431F3C5-AB30-41A5-878B-F909CAAAE181}.Release|Any CPU.Build.0 = Release|Any CPU
		{2E057D66-D63A-4E0D-A8D2-CE642980529E}.Debug|Any CPU.ActiveCfg = Debug|Any CPU
		{2E057D66-D63A-4E0D-A8D2-CE642980529E}.Debug|Any CPU.Build.0 = Debug|Any CPU
		{2E057D66-D63A-4E0D-A8D2-CE642980529E}.Release|Any CPU.ActiveCfg = Release|Any CPU
		{2E057D66-D63A-4E0D-A8D2-CE642980529E}.Release|Any CPU.Build.0 = Release|Any CPU
		{04F3B22D-F46E-488D-9D40-A9401D04312D}.Debug|Any CPU.ActiveCfg = Debug|Any CPU
		{04F3B22D-F46E-488D-9D40-A9401D04312D}.Debug|Any CPU.Build.0 = Debug|Any CPU
		{04F3B22D-F46E-488D-9D40-A9401D04312D}.Release|Any CPU.ActiveCfg = Release|Any CPU
		{04F3B22D-F46E-488D-9D40-A9401D04312D}.Release|Any CPU.Build.0 = Release|Any CPU
		{30BB76DD-C5EA-40C4-B73C-9D247F4091D2}.Debug|Any CPU.ActiveCfg = Debug|Any CPU
		{30BB76DD-C5EA-40C4-B73C-9D247F4091D2}.Debug|Any CPU.Build.0 = Debug|Any CPU
		{30BB76DD-C5EA-40C4-B73C-9D247F4091D2}.Release|Any CPU.ActiveCfg = Release|Any CPU
		{30BB76DD-C5EA-40C4-B73C-9D247F4091D2}.Release|Any CPU.Build.0 = Release|Any CPU
		{168F6B0A-04D8-4741-9DB5-A3A33D5D7C29}.Debug|Any CPU.ActiveCfg = Debug|Any CPU
		{168F6B0A-04D8-4741-9DB5-A3A33D5D7C29}.Debug|Any CPU.Build.0 = Debug|Any CPU
		{168F6B0A-04D8-4741-9DB5-A3A33D5D7C29}.Release|Any CPU.ActiveCfg = Release|Any CPU
		{168F6B0A-04D8-4741-9DB5-A3A33D5D7C29}.Release|Any CPU.Build.0 = Release|Any CPU
		{4684E610-DF77-4738-AAD2-3069EDE3A3C7}.Debug|Any CPU.ActiveCfg = Debug|Any CPU
		{4684E610-DF77-4738-AAD2-3069EDE3A3C7}.Debug|Any CPU.Build.0 = Debug|Any CPU
		{4684E610-DF77-4738-AAD2-3069EDE3A3C7}.Release|Any CPU.ActiveCfg = Release|Any CPU
		{4684E610-DF77-4738-AAD2-3069EDE3A3C7}.Release|Any CPU.Build.0 = Release|Any CPU
		{386A4D83-B7A1-4187-87F2-C35FF612FFE3}.Debug|Any CPU.ActiveCfg = Debug|Any CPU
		{386A4D83-B7A1-4187-87F2-C35FF612FFE3}.Debug|Any CPU.Build.0 = Debug|Any CPU
		{386A4D83-B7A1-4187-87F2-C35FF612FFE3}.Release|Any CPU.ActiveCfg = Release|Any CPU
		{386A4D83-B7A1-4187-87F2-C35FF612FFE3}.Release|Any CPU.Build.0 = Release|Any CPU
	EndGlobalSection
	GlobalSection(SolutionProperties) = preSolution
		HideSolutionNode = FALSE
	EndGlobalSection
	GlobalSection(NestedProjects) = preSolution
		{CA24B383-DCCE-4B08-BB6C-D0F2C3D07156} = {B2337144-8C95-4BA4-BF38-8A11EC643850}
		{E957ACCC-7181-482A-BF4F-2EFD8496A1C3} = {B2337144-8C95-4BA4-BF38-8A11EC643850}
		{203BC1FC-62D0-4FFD-9CFA-7EE35F5E9065} = {B2337144-8C95-4BA4-BF38-8A11EC643850}
		{3431F3C5-AB30-41A5-878B-F909CAAAE181} = {B2337144-8C95-4BA4-BF38-8A11EC643850}
		{2E057D66-D63A-4E0D-A8D2-CE642980529E} = {930DAA70-C8F3-4CE6-9498-39FDF7C47B70}
		{04F3B22D-F46E-488D-9D40-A9401D04312D} = {930DAA70-C8F3-4CE6-9498-39FDF7C47B70}
		{B2337144-8C95-4BA4-BF38-8A11EC643850} = {D3475367-E632-40A0-9E3F-A9142C88006A}
		{FF61CE45-9DC7-420B-AF5D-701A5A11BA93} = {D3475367-E632-40A0-9E3F-A9142C88006A}
		{30BB76DD-C5EA-40C4-B73C-9D247F4091D2} = {FF61CE45-9DC7-420B-AF5D-701A5A11BA93}
		{168F6B0A-04D8-4741-9DB5-A3A33D5D7C29} = {FF61CE45-9DC7-420B-AF5D-701A5A11BA93}
		{D024B396-1370-4849-B0B8-9E5426E3C82D} = {D3475367-E632-40A0-9E3F-A9142C88006A}
		{4684E610-DF77-4738-AAD2-3069EDE3A3C7} = {D024B396-1370-4849-B0B8-9E5426E3C82D}
		{386A4D83-B7A1-4187-87F2-C35FF612FFE3} = {D024B396-1370-4849-B0B8-9E5426E3C82D}
	EndGlobalSection
EndGlobal
